{
    "version": 3,
    "terraform_version": "0.11.13",
    "serial": 13,
    "lineage": "6738f8ed-1221-6132-c590-a4c44df1d53a",
    "modules": [
        {
            "path": [
                "root"
            ],
            "outputs": {},
            "resources": {
                "aws_acm_certificate.certificate": {
                    "type": "aws_acm_certificate",
                    "depends_on": [],
                    "primary": {
                        "id": "arn:aws:acm:us-east-1:301587852292:certificate/eee7a8c3-fa66-423d-8ba3-2af03c4084e2",
                        "attributes": {
                            "arn": "arn:aws:acm:us-east-1:301587852292:certificate/eee7a8c3-fa66-423d-8ba3-2af03c4084e2",
                            "domain_name": "*.raspro.com.br",
                            "domain_validation_options.#": "0",
                            "id": "arn:aws:acm:us-east-1:301587852292:certificate/eee7a8c3-fa66-423d-8ba3-2af03c4084e2",
                            "subject_alternative_names.#": "1",
                            "subject_alternative_names.0": "raspro.com.br",
                            "tags.%": "0",
                            "validation_emails.#": "11",
                            "validation_emails.0": "webmaster@raspro.com.br",
                            "validation_emails.1": "pedrokvb@gmail.com",
                            "validation_emails.10": "hostmaster@raspro.com.br",
                            "validation_emails.2": "administrator@raspro.com.br",
                            "validation_emails.3": "postmaster@raspro.com.br",
                            "validation_emails.4": "admin@raspro.com.br",
                            "validation_emails.5": "hostmaster@raspro.com.br",
                            "validation_emails.6": "webmaster@raspro.com.br",
                            "validation_emails.7": "administrator@raspro.com.br",
                            "validation_emails.8": "postmaster@raspro.com.br",
                            "validation_emails.9": "admin@raspro.com.br",
                            "validation_method": "EMAIL"
                        },
                        "meta": {},
                        "tainted": false
                    },
                    "deposed": [],
                    "provider": "provider.aws"
                },
                "aws_cloudfront_distribution.www_distribution": {
                    "type": "aws_cloudfront_distribution",
                    "depends_on": [
                        "aws_acm_certificate.certificate",
                        "aws_s3_bucket.www"
                    ],
                    "primary": {
                        "id": "E2WZCOBT4CQLXY",
                        "attributes": {
                            "active_trusted_signers.%": "2",
                            "active_trusted_signers.enabled": "false",
                            "active_trusted_signers.items.#": "0",
                            "aliases.#": "2",
                            "aliases.56849193": "www.raspro.com.br",
                            "aliases.954451372": "raspro.com.br",
                            "arn": "arn:aws:cloudfront::301587852292:distribution/E2WZCOBT4CQLXY",
                            "caller_reference": "2019-05-20T01:40:40.1735167-03:00",
                            "custom_error_response.#": "0",
                            "default_cache_behavior.#": "1",
                            "default_cache_behavior.0.allowed_methods.#": "2",
                            "default_cache_behavior.0.allowed_methods.1040875975": "GET",
                            "default_cache_behavior.0.allowed_methods.1445840968": "HEAD",
                            "default_cache_behavior.0.cached_methods.#": "2",
                            "default_cache_behavior.0.cached_methods.1040875975": "GET",
                            "default_cache_behavior.0.cached_methods.1445840968": "HEAD",
                            "default_cache_behavior.0.compress": "true",
                            "default_cache_behavior.0.default_ttl": "3600",
                            "default_cache_behavior.0.field_level_encryption_id": "",
                            "default_cache_behavior.0.forwarded_values.#": "1",
                            "default_cache_behavior.0.forwarded_values.0.cookies.#": "1",
                            "default_cache_behavior.0.forwarded_values.0.cookies.0.forward": "none",
                            "default_cache_behavior.0.forwarded_values.0.cookies.0.whitelisted_names.#": "0",
                            "default_cache_behavior.0.forwarded_values.0.headers.#": "0",
                            "default_cache_behavior.0.forwarded_values.0.query_string": "false",
                            "default_cache_behavior.0.forwarded_values.0.query_string_cache_keys.#": "0",
                            "default_cache_behavior.0.lambda_function_association.#": "0",
                            "default_cache_behavior.0.max_ttl": "86400",
                            "default_cache_behavior.0.min_ttl": "0",
                            "default_cache_behavior.0.smooth_streaming": "false",
                            "default_cache_behavior.0.target_origin_id": "www.raspro.com.br",
                            "default_cache_behavior.0.trusted_signers.#": "0",
                            "default_cache_behavior.0.viewer_protocol_policy": "redirect-to-https",
                            "default_root_object": "index.html",
                            "domain_name": "d1t41nzjqvib53.cloudfront.net",
                            "enabled": "true",
                            "etag": "EFYBKV0PU2H9E",
                            "hosted_zone_id": "Z2FDTNDATAQYW2",
                            "http_version": "http2",
                            "id": "E2WZCOBT4CQLXY",
                            "in_progress_validation_batches": "0",
                            "is_ipv6_enabled": "false",
                            "last_modified_time": "2019-05-20 05:46:52.224 +0000 UTC",
                            "logging_config.#": "0",
                            "ordered_cache_behavior.#": "1",
                            "ordered_cache_behavior.0.allowed_methods.#": "3",
                            "ordered_cache_behavior.0.allowed_methods.1040875975": "GET",
                            "ordered_cache_behavior.0.allowed_methods.1445840968": "HEAD",
                            "ordered_cache_behavior.0.allowed_methods.3982006612": "OPTIONS",
                            "ordered_cache_behavior.0.cached_methods.#": "2",
                            "ordered_cache_behavior.0.cached_methods.1040875975": "GET",
                            "ordered_cache_behavior.0.cached_methods.1445840968": "HEAD",
                            "ordered_cache_behavior.0.compress": "true",
                            "ordered_cache_behavior.0.default_ttl": "60",
                            "ordered_cache_behavior.0.field_level_encryption_id": "",
                            "ordered_cache_behavior.0.forwarded_values.#": "1",
                            "ordered_cache_behavior.0.forwarded_values.0.cookies.#": "1",
                            "ordered_cache_behavior.0.forwarded_values.0.cookies.0.forward": "none",
                            "ordered_cache_behavior.0.forwarded_values.0.cookies.0.whitelisted_names.#": "0",
                            "ordered_cache_behavior.0.forwarded_values.0.headers.#": "0",
                            "ordered_cache_behavior.0.forwarded_values.0.query_string": "false",
                            "ordered_cache_behavior.0.forwarded_values.0.query_string_cache_keys.#": "0",
                            "ordered_cache_behavior.0.lambda_function_association.#": "0",
                            "ordered_cache_behavior.0.max_ttl": "300",
                            "ordered_cache_behavior.0.min_ttl": "0",
                            "ordered_cache_behavior.0.path_pattern": "*.html",
                            "ordered_cache_behavior.0.smooth_streaming": "false",
                            "ordered_cache_behavior.0.target_origin_id": "s3",
                            "ordered_cache_behavior.0.trusted_signers.#": "0",
                            "ordered_cache_behavior.0.viewer_protocol_policy": "redirect-to-https",
                            "origin.#": "1",
                            "origin.3176174502.custom_header.#": "0",
                            "origin.3176174502.custom_origin_config.#": "1",
                            "origin.3176174502.custom_origin_config.0.http_port": "80",
                            "origin.3176174502.custom_origin_config.0.https_port": "443",
                            "origin.3176174502.custom_origin_config.0.origin_keepalive_timeout": "5",
                            "origin.3176174502.custom_origin_config.0.origin_protocol_policy": "http-only",
                            "origin.3176174502.custom_origin_config.0.origin_read_timeout": "30",
                            "origin.3176174502.custom_origin_config.0.origin_ssl_protocols.#": "3",
                            "origin.3176174502.custom_origin_config.0.origin_ssl_protocols.1162609714": "TLSv1",
                            "origin.3176174502.custom_origin_config.0.origin_ssl_protocols.3330230486": "TLSv1.1",
                            "origin.3176174502.custom_origin_config.0.origin_ssl_protocols.3981581077": "TLSv1.2",
                            "origin.3176174502.domain_name": "www.raspro.com.br.s3-website-us-east-1.amazonaws.com",
                            "origin.3176174502.origin_id": "www.raspro.com.br",
                            "origin.3176174502.origin_path": "",
                            "origin.3176174502.s3_origin_config.#": "0",
                            "price_class": "PriceClass_200",
                            "restrictions.#": "1",
                            "restrictions.0.geo_restriction.#": "1",
                            "restrictions.0.geo_restriction.0.locations.#": "0",
                            "restrictions.0.geo_restriction.0.restriction_type": "none",
                            "retain_on_delete": "false",
                            "status": "Deployed",
                            "tags.%": "0",
                            "viewer_certificate.#": "1",
                            "viewer_certificate.0.acm_certificate_arn": "arn:aws:acm:us-east-1:301587852292:certificate/eee7a8c3-fa66-423d-8ba3-2af03c4084e2",
                            "viewer_certificate.0.cloudfront_default_certificate": "false",
                            "viewer_certificate.0.iam_certificate_id": "",
                            "viewer_certificate.0.minimum_protocol_version": "TLSv1",
                            "viewer_certificate.0.ssl_support_method": "sni-only",
                            "wait_for_deployment": "true",
                            "web_acl_id": ""
                        },
                        "meta": {
                            "schema_version": "1"
                        },
                        "tainted": false
                    },
                    "deposed": [],
                    "provider": "provider.aws"
                },
                "aws_route53_record.root": {
                    "type": "aws_route53_record",
                    "depends_on": [
                        "aws_cloudfront_distribution.www_distribution",
                        "aws_route53_zone.zone"
                    ],
                    "primary": {
                        "id": "Z49JQW41SN9DW_raspro.com.br_A",
                        "attributes": {
                            "alias.#": "1",
                            "alias.1640607216.evaluate_target_health": "true",
                            "alias.1640607216.name": "d1t41nzjqvib53.cloudfront.net",
                            "alias.1640607216.zone_id": "Z2FDTNDATAQYW2",
                            "fqdn": "raspro.com.br",
                            "health_check_id": "",
                            "id": "Z49JQW41SN9DW_raspro.com.br_A",
                            "name": "raspro.com.br",
                            "records.#": "0",
                            "set_identifier": "",
                            "ttl": "0",
                            "type": "A",
                            "zone_id": "Z49JQW41SN9DW"
                        },
                        "meta": {
                            "schema_version": "2"
                        },
                        "tainted": false
                    },
                    "deposed": [],
                    "provider": "provider.aws"
                },
                "aws_route53_record.www": {
                    "type": "aws_route53_record",
                    "depends_on": [
                        "aws_cloudfront_distribution.www_distribution",
                        "aws_route53_zone.zone"
                    ],
                    "primary": {
                        "id": "Z49JQW41SN9DW_www.raspro.com.br_A",
                        "attributes": {
                            "alias.#": "1",
                            "alias.1313195089.evaluate_target_health": "false",
                            "alias.1313195089.name": "d1t41nzjqvib53.cloudfront.net",
                            "alias.1313195089.zone_id": "Z2FDTNDATAQYW2",
                            "fqdn": "www.raspro.com.br",
                            "health_check_id": "",
                            "id": "Z49JQW41SN9DW_www.raspro.com.br_A",
                            "name": "www.raspro.com.br",
                            "records.#": "0",
                            "set_identifier": "",
                            "ttl": "0",
                            "type": "A",
                            "zone_id": "Z49JQW41SN9DW"
                        },
                        "meta": {
                            "schema_version": "2"
                        },
                        "tainted": false
                    },
                    "deposed": [],
                    "provider": "provider.aws"
                },
                "aws_route53_zone.zone": {
                    "type": "aws_route53_zone",
                    "depends_on": [],
                    "primary": {
                        "id": "Z49JQW41SN9DW",
                        "attributes": {
                            "comment": "Managed by Terraform",
                            "delegation_set_id": "",
                            "force_destroy": "false",
                            "id": "Z49JQW41SN9DW",
                            "name": "raspro.com.br.",
                            "name_servers.#": "4",
                            "name_servers.0": "ns-1022.awsdns-63.net",
                            "name_servers.1": "ns-1042.awsdns-02.org",
                            "name_servers.2": "ns-1782.awsdns-30.co.uk",
                            "name_servers.3": "ns-273.awsdns-34.com",
                            "tags.%": "0",
                            "vpc.#": "0",
                            "zone_id": "Z49JQW41SN9DW"
                        },
                        "meta": {},
                        "tainted": false
                    },
                    "deposed": [],
                    "provider": "provider.aws"
                },
                "aws_s3_bucket.www": {
                    "type": "aws_s3_bucket",
                    "depends_on": [],
                    "primary": {
                        "id": "www.raspro.com.br",
                        "attributes": {
                            "acceleration_status": "",
                            "acl": "public-read",
                            "arn": "arn:aws:s3:::www.raspro.com.br",
                            "bucket": "www.raspro.com.br",
                            "bucket_domain_name": "www.raspro.com.br.s3.amazonaws.com",
                            "bucket_regional_domain_name": "www.raspro.com.br.s3.amazonaws.com",
                            "cors_rule.#": "0",
                            "force_destroy": "false",
                            "hosted_zone_id": "Z3AQBSTGFYJSTF",
                            "id": "www.raspro.com.br",
                            "lifecycle_rule.#": "0",
                            "logging.#": "0",
                            "object_lock_configuration.#": "0",
                            "policy": "{\"Statement\":[{\"Action\":\"s3:GetObject\",\"Effect\":\"Allow\",\"Principal\":\"*\",\"Resource\":\"arn:aws:s3:::www.raspro.com.br/*\",\"Sid\":\"AddPerm\"}],\"Version\":\"2012-10-17\"}",
                            "region": "us-east-1",
                            "replication_configuration.#": "0",
                            "request_payer": "BucketOwner",
                            "server_side_encryption_configuration.#": "0",
                            "tags.%": "0",
                            "versioning.#": "1",
                            "versioning.0.enabled": "false",
                            "versioning.0.mfa_delete": "false",
                            "website.#": "1",
                            "website.0.error_document": "404.html",
                            "website.0.index_document": "index.html",
                            "website.0.redirect_all_requests_to": "",
                            "website.0.routing_rules": "",
                            "website_domain": "s3-website-us-east-1.amazonaws.com",
                            "website_endpoint": "www.raspro.com.br.s3-website-us-east-1.amazonaws.com"
                        },
                        "meta": {},
                        "tainted": false
                    },
                    "deposed": [],
                    "provider": "provider.aws"
                }
            },
            "depends_on": []
        }
    ]
}
